<?xml version="1.0" encoding="utf-8"?>
<Project ToolsVersion="17.0" xmlns="http://schemas.microsoft.com/developer/msbuild/2003">
  <ItemGroup>
    <CustomBuild Include="C:\Users\ndunas\source\repos\Snake\build-vs2022-debug\CMakeFiles\7d04f1ce5d0c18b94f0817ed48bd7656\INSTALL_force.rule">
      <Filter>CMake Rules</Filter>
    </CustomBuild>
  </ItemGroup>
  <ItemGroup>
    <Filter Include="CMake Rules">
      <UniqueIdentifier>{77035E13-BF40-3F5E-9C89-536F8AFE0E68}</UniqueIdentifier>
    </Filter>
  </ItemGroup>
</Project>
